<?xml version="1.0" encoding="utf-8"?>
<Project ToolsVersion="4.0" xmlns="http://schemas.microsoft.com/developer/msbuild/2003">
  <ItemGroup>
    <ClCompile Include="AdventOfCode2018.cpp" />
  </ItemGroup>
  <ItemGroup>
    <ClInclude Include="..\day01\day01.h" />
    <ClInclude Include="..\common\inputReader.h">
      <Filter>common</Filter>
    </ClInclude>
    <ClInclude Include="..\day02\day02.h" />
    <ClInclude Include="..\day03\day03.h" />
    <ClInclude Include="..\day04\day04.h" />
    <ClInclude Include="..\day05\day05.h" />
    <ClInclude Include="..\day06\day06.h" />
    <ClInclude Include="..\day07\day07.h" />
    <ClInclude Include="..\day08\day08.h" />
    <ClInclude Include="..\day09\day09.h" />
    <ClInclude Include="..\day10\day10.h" />
    <ClInclude Include="..\day11\day11.h" />
    <ClInclude Include="..\day18\day18.h" />
    <ClInclude Include="..\day12\day12.h" />
    <ClInclude Include="..\day13\day13.h" />
    <ClInclude Include="..\day14\day14.h" />
  </ItemGroup>
  <ItemGroup>
    <CopyFileToFolders Include="..\day01\day01.txt" />
    <CopyFileToFolders Include="..\day02\day02.txt" />
    <CopyFileToFolders Include="..\day03\day03.txt" />
    <CopyFileToFolders Include="..\day04\day04.txt" />
    <CopyFileToFolders Include="..\day05\day05.txt" />
    <CopyFileToFolders Include="..\day06\day06.txt" />
    <CopyFileToFolders Include="..\day07\day07.txt" />
    <CopyFileToFolders Include="..\day08\day08.txt" />
    <CopyFileToFolders Include="..\day09\day09.txt" />
    <CopyFileToFolders Include="..\day10\day10.txt" />
    <CopyFileToFolders Include="..\day11\day11.txt" />
    <CopyFileToFolders Include="..\day18\day18.txt" />
    <CopyFileToFolders Include="..\day12\day12.txt" />
    <CopyFileToFolders Include="..\day13\day13.txt" />
  </ItemGroup>
  <ItemGroup>
    <Filter Include="common">
      <UniqueIdentifier>{7d7860cd-0ed7-437a-a3c4-361af3647cf6}</UniqueIdentifier>
    </Filter>
  </ItemGroup>
  <ItemGroup>
    <Text Include="..\day14\day14.txt" />
  </ItemGroup>
</Project>